<?xml version="1.0" encoding="utf-8"?>
<Project ToolsVersion="4.0" xmlns="http://schemas.microsoft.com/developer/msbuild/2003">
  <ItemGroup>
    <Filter Include="Source Files">
      <UniqueIdentifier>{4FC737F1-C7A5-4376-A066-2A32D752A2FF}</UniqueIdentifier>
      <Extensions>cpp;c;cc;cxx;def;odl;idl;hpj;bat;asm;asmx</Extensions>
    </Filter>
    <Filter Include="Header Files">
      <UniqueIdentifier>{93995380-89BD-4b04-88EB-625FBE52EBFB}</UniqueIdentifier>
      <Extensions>h;hpp;hxx;hm;inl;inc;xsd</Extensions>
    </Filter>
    <Filter Include="Resource Files">
      <UniqueIdentifier>{67DA6AB6-F800-4c08-8B7A-83BB121AAD01}</UniqueIdentifier>
      <Extensions>rc;ico;cur;bmp;dlg;rc2;rct;bin;rgs;gif;jpg;jpeg;jpe;resx;tiff;tif;png;wav;mfcribbon-ms</Extensions>
    </Filter>
    <Filter Include="Header Files\FrontEnd">
      <UniqueIdentifier>{5782edca-3000-468b-ae5e-520dc1be761a}</UniqueIdentifier>
    </Filter>
    <Filter Include="Source Files\FrontEnd">
      <UniqueIdentifier>{9d161405-2e0c-43c5-96af-faf6e920391b}</UniqueIdentifier>
    </Filter>
    <Filter Include="Source Files\PQL">
      <UniqueIdentifier>{a00d3409-3225-46b0-ac33-2193de718754}</UniqueIdentifier>
    </Filter>
    <Filter Include="Header Files\PQL">
      <UniqueIdentifier>{630360fa-4349-4509-a1fb-0eca08992b69}</UniqueIdentifier>
    </Filter>
    <Filter Include="Header Files\PKB">
      <UniqueIdentifier>{bf9d831c-4f05-4191-a89e-1e212f015e7e}</UniqueIdentifier>
    </Filter>
    <Filter Include="Source Files\PKB">
      <UniqueIdentifier>{3c577afc-68bb-44df-ad44-9309d0523b8f}</UniqueIdentifier>
    </Filter>
    <Filter Include="Source Files\PQL\Dispatchers">
      <UniqueIdentifier>{799a9254-6b2d-4e83-88f9-f8ec610bba74}</UniqueIdentifier>
    </Filter>
  </ItemGroup>
  <ItemGroup>
    <ClCompile Include="..\source\TNode.cpp">
      <Filter>Source Files</Filter>
    </ClCompile>
    <ClCompile Include="..\source\SimpleParser.cpp">
      <Filter>Source Files\FrontEnd</Filter>
    </ClCompile>
    <ClCompile Include="..\source\DesignExtractor.cpp">
      <Filter>Source Files\FrontEnd</Filter>
    </ClCompile>
    <ClCompile Include="..\source\SimpleTokenizer.cpp">
      <Filter>Source Files\FrontEnd</Filter>
    </ClCompile>
    <ClCompile Include="..\source\SimpleToken.cpp">
      <Filter>Source Files\FrontEnd</Filter>
    </ClCompile>
    <ClCompile Include="..\source\SimpleExprParserWrapper.cpp">
      <Filter>Source Files\FrontEnd</Filter>
    </ClCompile>
    <ClCompile Include="..\source\SimpleCondParserWrapper.cpp">
      <Filter>Source Files\FrontEnd</Filter>
    </ClCompile>
    <ClCompile Include="..\source\SetUpTests.cpp">
      <Filter>Source Files</Filter>
    </ClCompile>
    <ClCompile Include="..\source\SimpleSyntaxChecker.cpp">
      <Filter>Source Files\FrontEnd</Filter>
    </ClCompile>
    <ClCompile Include="..\source\SimpleParseExceptions.cpp">
      <Filter>Source Files\FrontEnd</Filter>
    </ClCompile>
    <ClCompile Include="..\source\Pkb.cpp">
      <Filter>Source Files\PKB</Filter>
    </ClCompile>
    <ClCompile Include="..\source\FollowsDispatcher.cpp">
      <Filter>Source Files\PQL\Dispatchers</Filter>
    </ClCompile>
    <ClCompile Include="..\source\FollowsStarDispatcher.cpp">
      <Filter>Source Files\PQL\Dispatchers</Filter>
    </ClCompile>
    <ClCompile Include="..\source\ModifiesDispatcher.cpp">
      <Filter>Source Files\PQL\Dispatchers</Filter>
    </ClCompile>
    <ClCompile Include="..\source\ParentDispatcher.cpp">
      <Filter>Source Files\PQL\Dispatchers</Filter>
    </ClCompile>
    <ClCompile Include="..\source\ParentStarDispatcher.cpp">
      <Filter>Source Files\PQL\Dispatchers</Filter>
    </ClCompile>
    <ClCompile Include="..\source\PatternDispatcher.cpp">
      <Filter>Source Files\PQL\Dispatchers</Filter>
    </ClCompile>
    <ClCompile Include="..\source\SelectDispatcher.cpp">
      <Filter>Source Files\PQL\Dispatchers</Filter>
    </ClCompile>
    <ClCompile Include="..\source\UsesDispatcher.cpp">
      <Filter>Source Files\PQL\Dispatchers</Filter>
    </ClCompile>
    <ClCompile Include="..\source\Pql.cpp">
      <Filter>Source Files\PQL</Filter>
    </ClCompile>
    <ClCompile Include="..\source\PqlEvaluator.cpp">
      <Filter>Source Files\PQL</Filter>
    </ClCompile>
    <ClCompile Include="..\source\PqlLexer.cpp">
      <Filter>Source Files\PQL</Filter>
    </ClCompile>
    <ClCompile Include="..\source\PqlParser.cpp">
      <Filter>Source Files</Filter>
    </ClCompile>
    <ClCompile Include="..\source\PqlParser.cpp">
      <Filter>Source Files\PQL</Filter>
    </ClCompile>
    <ClCompile Include="..\source\PkbTableTransformers.cpp">
      <Filter>Source Files\PKB</Filter>
    </ClCompile>
    <ClCompile Include="..\source\CfgNode.cpp">
      <Filter>Source Files</Filter>
    </ClCompile>
    <ClCompile Include="..\source\PqlOptimizer.cpp">
      <Filter>Source Files\PQL</Filter>
    </ClCompile>
    <ClCompile Include="..\source\SelectAttributeDispatcher.cpp">
      <Filter>Source Files\PQL\Dispatchers</Filter>
    </ClCompile>
    <ClCompile Include="..\source\WithElementPairDispatcher.cpp">
      <Filter>Source Files\PQL\Dispatchers</Filter>
    </ClCompile>
    <ClCompile Include="..\source\WithDispatcher.cpp">
      <Filter>Source Files\PQL\Dispatchers</Filter>
    </ClCompile>
    <ClCompile Include="..\source\WithElementRawPairDispatcher.cpp">
      <Filter>Source Files\PQL\Dispatchers</Filter>
    </ClCompile>
    <ClCompile Include="..\source\CallsDispatcher.cpp">
      <Filter>Source Files\PQL\Dispatchers</Filter>
    </ClCompile>
    <ClCompile Include="..\source\CallsStarDispatcher.cpp">
      <Filter>Source Files\PQL\Dispatchers</Filter>
    </ClCompile>
    <ClCompile Include="..\source\NextDispatcher.cpp">
      <Filter>Source Files\PQL\Dispatchers</Filter>
    </ClCompile>
    <ClCompile Include="..\source\NextStarDispatcher.cpp">
      <Filter>Source Files\PQL\Dispatchers</Filter>
    </ClCompile>
  </ItemGroup>
  <ItemGroup>
    <ClInclude Include="..\source\TNode.h">
      <Filter>Header Files</Filter>
    </ClInclude>
    <ClInclude Include="..\source\SimpleParseExceptions.h">
      <Filter>Header Files\FrontEnd</Filter>
    </ClInclude>
    <ClInclude Include="..\source\SimpleParser.h">
      <Filter>Header Files\FrontEnd</Filter>
    </ClInclude>
    <ClInclude Include="..\source\SimpleTokenizer.h">
      <Filter>Header Files\FrontEnd</Filter>
    </ClInclude>
    <ClInclude Include="..\source\SimpleToken.h">
      <Filter>Header Files\FrontEnd</Filter>
    </ClInclude>
    <ClInclude Include="..\source\SimpleExprParserWrapper.h">
      <Filter>Header Files\FrontEnd</Filter>
    </ClInclude>
    <ClInclude Include="..\source\SetUpTests.h">
      <Filter>Header Files</Filter>
    </ClInclude>
    <ClInclude Include="..\source\SimpleSyntaxChecker.h">
      <Filter>Header Files\FrontEnd</Filter>
    </ClInclude>
    <ClInclude Include="..\source\SimpleCondParserWrapper.h">
      <Filter>Header Files\FrontEnd</Filter>
    </ClInclude>
    <ClInclude Include="..\source\Pkb.h">
      <Filter>Header Files\PKB</Filter>
    </ClInclude>
    <ClInclude Include="..\source\PkbQueryEntityTypes.h">
      <Filter>Header Files\PKB</Filter>
    </ClInclude>
    <ClInclude Include="..\source\PkbQueryInterface.h">
      <Filter>Header Files\PKB</Filter>
    </ClInclude>
    <ClInclude Include="..\source\PkbTables.h">
      <Filter>Header Files\PKB</Filter>
    </ClInclude>
    <ClInclude Include="..\source\Dispatchers.h">
      <Filter>Header Files\PQL</Filter>
    </ClInclude>
    <ClInclude Include="..\source\PqlEvaluator.h">
      <Filter>Header Files\PQL</Filter>
    </ClInclude>
    <ClInclude Include="..\source\PqlLexer.h">
      <Filter>Header Files\PQL</Filter>
    </ClInclude>
    <ClInclude Include="..\source\PqlParser.h">
      <Filter>Header Files\PQL</Filter>
    </ClInclude>
    <ClInclude Include="..\source\PkbTableTransformers.h">
      <Filter>Header Files\PKB</Filter>
    </ClInclude>
    <ClInclude Include="..\source\KeysTable.h">
      <Filter>Header Files\PKB</Filter>
    </ClInclude>
    <ClInclude Include="..\source\CfgNode.h">
      <Filter>Header Files</Filter>
    </ClInclude>
    <ClInclude Include="..\source\PqlOptimizer.h">
      <Filter>Header Files\PQL</Filter>
    </ClInclude>
    <ClInclude Include="..\source\PQL.h">
      <Filter>Header Files\PQL</Filter>
    </ClInclude>
  </ItemGroup>
</Project>