<?xml version="1.0" encoding="utf-8"?>
<Project ToolsVersion="4.0" xmlns="http://schemas.microsoft.com/developer/msbuild/2003">
  <ItemGroup>
    <Filter Include="Source Files">
      <UniqueIdentifier>{4FC737F1-C7A5-4376-A066-2A32D752A2FF}</UniqueIdentifier>
      <Extensions>cpp;c;cc;cxx;def;odl;idl;hpj;bat;asm;asmx</Extensions>
    </Filter>
    <Filter Include="Header Files">
      <UniqueIdentifier>{93995380-89BD-4b04-88EB-625FBE52EBFB}</UniqueIdentifier>
      <Extensions>h;hh;hpp;hxx;hm;inl;inc;xsd</Extensions>
    </Filter>
    <Filter Include="Resource Files">
      <UniqueIdentifier>{67DA6AB6-F800-4c08-8B7A-83BB121AAD01}</UniqueIdentifier>
      <Extensions>rc;ico;cur;bmp;dlg;rc2;rct;bin;rgs;gif;jpg;jpeg;jpe;resx;tiff;tif;png;wav;mfcribbon-ms</Extensions>
    </Filter>
  </ItemGroup>
  <ItemGroup>
    <ClInclude Include="stdafx.h">
      <Filter>Header Files</Filter>
    </ClInclude>
    <ClInclude Include="targetver.h">
      <Filter>Header Files</Filter>
    </ClInclude>
  </ItemGroup>
  <ItemGroup>
    <ClCompile Include="stdafx.cpp">
      <Filter>Source Files</Filter>
    </ClCompile>
    <ClCompile Include="TestPkbTables.cpp">
      <Filter>Source Files</Filter>
    </ClCompile>
    <ClCompile Include="TestPkbFollows.cpp">
      <Filter>Source Files</Filter>
    </ClCompile>
    <ClCompile Include="TestPkbParent.cpp">
      <Filter>Source Files</Filter>
    </ClCompile>
    <ClCompile Include="TestPkbUses.cpp">
      <Filter>Source Files</Filter>
    </ClCompile>
    <ClCompile Include="TestSelectAndPattern.cpp">
      <Filter>Source Files</Filter>
    </ClCompile>
    <ClCompile Include="TestPkbModifies.cpp">
      <Filter>Source Files</Filter>
    </ClCompile>
    <ClCompile Include="TestTnode.cpp">
      <Filter>Source Files</Filter>
    </ClCompile>
    <ClCompile Include="TestSimpleTokenizer.cpp">
      <Filter>Source Files</Filter>
    </ClCompile>
    <ClCompile Include="TestSimpleParsers.cpp">
      <Filter>Source Files</Filter>
    </ClCompile>
    <ClCompile Include="TestSimpleExprParsers.cpp">
      <Filter>Source Files</Filter>
    </ClCompile>
    <ClCompile Include="TestSimpleConditionParsers.cpp">
      <Filter>Source Files</Filter>
    </ClCompile>
    <ClCompile Include="TestPqlEvaluator.cpp">
      <Filter>Source Files</Filter>
    </ClCompile>
    <ClCompile Include="TestPqlParser.cpp">
      <Filter>Source Files</Filter>
    </ClCompile>
    <ClCompile Include="TestPqlOptimizer.cpp">
      <Filter>Source Files</Filter>
    </ClCompile>
    <ClCompile Include="TestPkbCalls.cpp">
      <Filter>Source Files</Filter>
    </ClCompile>
    <ClCompile Include="TestPkbNext.cpp">
      <Filter>Source Files</Filter>
    </ClCompile>
    <ClCompile Include="TestCfgNode.cpp">
      <Filter>Source Files</Filter>
    </ClCompile>
    <ClCompile Include="TestDispatcherGraph.cpp">
      <Filter>Source Files</Filter>
    </ClCompile>
    <ClCompile Include="TestPkbAffects.cpp">
      <Filter>Source Files</Filter>
    </ClCompile>
  </ItemGroup>
</Project>